
Microsoft Visual Studio Solution File, Format Version 12.00
# Visual Studio 15
VisualStudioVersion = 15.0.27004.2009
MinimumVisualStudioVersion = 10.0.40219.1
Project("{FAE04EC0-301F-11D3-BF4B-00C04F79EFBC}") = "RomanNumerals", "RomanNumerals\RomanNumerals.csproj", "{6971DCEB-A85A-4608-8EAC-4A4CAA91BA6A}"
EndProject
Project("{FAE04EC0-301F-11D3-BF4B-00C04F79EFBC}") = "RomanNumerals.Test", "RomanNumerals.Test\RomanNumerals.Test.csproj", "{474E1A13-1D9D-46BC-B8FE-7AB6946E23B0}"
EndProject
Global
	GlobalSection(SolutionConfigurationPlatforms) = preSolution
		Debug|Any CPU = Debug|Any CPU
		Release|Any CPU = Release|Any CPU
	EndGlobalSection
	GlobalSection(ProjectConfigurationPlatforms) = postSolution
		{6971DCEB-A85A-4608-8EAC-4A4CAA91BA6A}.Debug|Any CPU.ActiveCfg = Debug|Any CPU
		{6971DCEB-A85A-4608-8EAC-4A4CAA91BA6A}.Debug|Any CPU.Build.0 = Debug|Any CPU
		{6971DCEB-A85A-4608-8EAC-4A4CAA91BA6A}.Release|Any CPU.ActiveCfg = Release|Any CPU
		{6971DCEB-A85A-4608-8EAC-4A4CAA91BA6A}.Release|Any CPU.Build.0 = Release|Any CPU
		{474E1A13-1D9D-46BC-B8FE-7AB6946E23B0}.Debug|Any CPU.ActiveCfg = Debug|Any CPU
		{474E1A13-1D9D-46BC-B8FE-7AB6946E23B0}.Debug|Any CPU.Build.0 = Debug|Any CPU
		{474E1A13-1D9D-46BC-B8FE-7AB6946E23B0}.Release|Any CPU.ActiveCfg = Release|Any CPU
		{474E1A13-1D9D-46BC-B8FE-7AB6946E23B0}.Release|Any CPU.Build.0 = Release|Any CPU
	EndGlobalSection
	GlobalSection(SolutionProperties) = preSolution
		HideSolutionNode = FALSE
	EndGlobalSection
	GlobalSection(ExtensibilityGlobals) = postSolution
		SolutionGuid = {D758FE46-FC6B-45FE-ADB5-E0E70A5DA2B7}
	EndGlobalSection
EndGlobal
